
Microsoft Visual Studio Solution File, Format Version 12.00
# Visual Studio Version 17
VisualStudioVersion = 17.7.34024.191
MinimumVisualStudioVersion = 10.0.40219.1
Project("{FAE04EC0-301F-11D3-BF4B-00C04F79EFBC}") = "JsonMvcApp", "JsonMvcApp\JsonMvcApp.csproj", "{0E125EB5-9E62-4048-8853-F445B2FF9008}"
EndProject
Global
	GlobalSection(SolutionConfigurationPlatforms) = preSolution
		Debug|Any CPU = Debug|Any CPU
		Release|Any CPU = Release|Any CPU
	EndGlobalSection
	GlobalSection(ProjectConfigurationPlatforms) = postSolution
		{0E125EB5-9E62-4048-8853-F445B2FF9008}.Debug|Any CPU.ActiveCfg = Debug|Any CPU
		{0E125EB5-9E62-4048-8853-F445B2FF9008}.Debug|Any CPU.Build.0 = Debug|Any CPU
		{0E125EB5-9E62-4048-8853-F445B2FF9008}.Release|Any CPU.ActiveCfg = Release|Any CPU
		{0E125EB5-9E62-4048-8853-F445B2FF9008}.Release|Any CPU.Build.0 = Release|Any CPU
	EndGlobalSection
	GlobalSection(SolutionProperties) = preSolution
		HideSolutionNode = FALSE
	EndGlobalSection
	GlobalSection(ExtensibilityGlobals) = postSolution
		SolutionGuid = {54CC4521-0ACF-451D-8E70-AFAFA6D24395}
	EndGlobalSection
EndGlobal
